// !$*UTF8*$!
{
	archiveVersion = 1;
	classes = {
	};
	objectVersion = 56;
	objects = {

/* Begin PBXBuildFile section */
		0DB400F2CE73856E1064AF2F /* Pods_PPBluetoothKitDemo.framework in Frameworks */ = {isa = PBXBuildFile; fileRef = 2B649855A0E923CB3E7F7827 /* Pods_PPBluetoothKitDemo.framework */; };
		95059B252A7360CE00F24724 /* CalcuteSelectDeviceViewController.swift in Sources */ = {isa = PBXBuildFile; fileRef = 95059B242A7360CE00F24724 /* CalcuteSelectDeviceViewController.swift */; };
		95059B272A73624600F24724 /* CalcuteInfoViewController.swift in Sources */ = {isa = PBXBuildFile; fileRef = 95059B262A73624600F24724 /* CalcuteInfoViewController.swift */; };
		95059B292A73A54000F24724 /* CalcuelateResultViewController.swift in Sources */ = {isa = PBXBuildFile; fileRef = 95059B282A73A54000F24724 /* CalcuelateResultViewController.swift */; };
		95059B2B2A74A00E00F24724 /* SearchDeviceViewController.swift in Sources */ = {isa = PBXBuildFile; fileRef = 95059B2A2A74A00E00F24724 /* SearchDeviceViewController.swift */; };
		95059B2D2A74B1F100F24724 /* Device8ACViewController.swift in Sources */ = {isa = PBXBuildFile; fileRef = 95059B2C2A74B1F100F24724 /* Device8ACViewController.swift */; };
		95059B302A74B96900F24724 /* ItemCollectionViewCell.swift in Sources */ = {isa = PBXBuildFile; fileRef = 95059B2F2A74B96900F24724 /* ItemCollectionViewCell.swift */; };
		952319552A52A4F0003246BA /* FoundedViewController.swift in Sources */ = {isa = PBXBuildFile; fileRef = 952319542A52A4F0003246BA /* FoundedViewController.swift */; };
		952319572A52AAEA003246BA /* ScaleViewController.swift in Sources */ = {isa = PBXBuildFile; fileRef = 952319562A52AAEA003246BA /* ScaleViewController.swift */; };
		952319592A52B5E3003246BA /* AppDetailViewController.swift in Sources */ = {isa = PBXBuildFile; fileRef = 952319582A52B5E3003246BA /* AppDetailViewController.swift */; };
		9523195D2A53B315003246BA /* BananaViewController.swift in Sources */ = {isa = PBXBuildFile; fileRef = 9523195C2A53B315003246BA /* BananaViewController.swift */; };
		952319612A53C794003246BA /* DurianViewController.swift in Sources */ = {isa = PBXBuildFile; fileRef = 952319602A53C794003246BA /* DurianViewController.swift */; };
		952319632A53F466003246BA /* CoconutViewController.swift in Sources */ = {isa = PBXBuildFile; fileRef = 952319622A53F466003246BA /* CoconutViewController.swift */; };
		952319652A54039D003246BA /* CalcuteObj.swift in Sources */ = {isa = PBXBuildFile; fileRef = 952319642A54039D003246BA /* CalcuteObj.swift */; };
		952319672A5408CD003246BA /* UserInfoViewController.swift in Sources */ = {isa = PBXBuildFile; fileRef = 952319662A5408CD003246BA /* UserInfoViewController.swift */; };
		955A39C62A2B3A0D00853B9D /* AppDelegate.swift in Sources */ = {isa = PBXBuildFile; fileRef = 955A39C52A2B3A0D00853B9D /* AppDelegate.swift */; };
		955A39CA2A2B3A0D00853B9D /* ViewController.swift in Sources */ = {isa = PBXBuildFile; fileRef = 955A39C92A2B3A0D00853B9D /* ViewController.swift */; };
		955A39CD2A2B3A0D00853B9D /* Main.storyboard in Resources */ = {isa = PBXBuildFile; fileRef = 955A39CB2A2B3A0D00853B9D /* Main.storyboard */; };
		955A39CF2A2B3A0E00853B9D /* Assets.xcassets in Resources */ = {isa = PBXBuildFile; fileRef = 955A39CE2A2B3A0E00853B9D /* Assets.xcassets */; };
		955A39D22A2B3A0E00853B9D /* LaunchScreen.storyboard in Resources */ = {isa = PBXBuildFile; fileRef = 955A39D02A2B3A0E00853B9D /* LaunchScreen.storyboard */; };
		955A39DD2A2B3A0E00853B9D /* PPBluetoothKitDemoTests.swift in Sources */ = {isa = PBXBuildFile; fileRef = 955A39DC2A2B3A0E00853B9D /* PPBluetoothKitDemoTests.swift */; };
		955A39E72A2B3A0E00853B9D /* PPBluetoothKitDemoUITests.swift in Sources */ = {isa = PBXBuildFile; fileRef = 955A39E62A2B3A0E00853B9D /* PPBluetoothKitDemoUITests.swift */; };
		955A39E92A2B3A0E00853B9D /* PPBluetoothKitDemoUITestsLaunchTests.swift in Sources */ = {isa = PBXBuildFile; fileRef = 955A39E82A2B3A0E00853B9D /* PPBluetoothKitDemoUITestsLaunchTests.swift */; };
/* End PBXBuildFile section */

/* Begin PBXContainerItemProxy section */
		955A39D92A2B3A0E00853B9D /* PBXContainerItemProxy */ = {
			isa = PBXContainerItemProxy;
			containerPortal = 955A39BA2A2B3A0D00853B9D /* Project object */;
			proxyType = 1;
			remoteGlobalIDString = 955A39C12A2B3A0D00853B9D;
			remoteInfo = PPBluetoothKitDemo;
		};
		955A39E32A2B3A0E00853B9D /* PBXContainerItemProxy */ = {
			isa = PBXContainerItemProxy;
			containerPortal = 955A39BA2A2B3A0D00853B9D /* Project object */;
			proxyType = 1;
			remoteGlobalIDString = 955A39C12A2B3A0D00853B9D;
			remoteInfo = PPBluetoothKitDemo;
		};
/* End PBXContainerItemProxy section */

/* Begin PBXFileReference section */
		1B6C81D2D3F4BCD743879964 /* Pods-PPBluetoothKitDemo.release.xcconfig */ = {isa = PBXFileReference; includeInIndex = 1; lastKnownFileType = text.xcconfig; name = "Pods-PPBluetoothKitDemo.release.xcconfig"; path = "Target Support Files/Pods-PPBluetoothKitDemo/Pods-PPBluetoothKitDemo.release.xcconfig"; sourceTree = "<group>"; };
		2B649855A0E923CB3E7F7827 /* Pods_PPBluetoothKitDemo.framework */ = {isa = PBXFileReference; explicitFileType = wrapper.framework; includeInIndex = 0; path = Pods_PPBluetoothKitDemo.framework; sourceTree = BUILT_PRODUCTS_DIR; };
		95059B242A7360CE00F24724 /* CalcuteSelectDeviceViewController.swift */ = {isa = PBXFileReference; lastKnownFileType = sourcecode.swift; path = CalcuteSelectDeviceViewController.swift; sourceTree = "<group>"; };
		95059B262A73624600F24724 /* CalcuteInfoViewController.swift */ = {isa = PBXFileReference; lastKnownFileType = sourcecode.swift; path = CalcuteInfoViewController.swift; sourceTree = "<group>"; };
		95059B282A73A54000F24724 /* CalcuelateResultViewController.swift */ = {isa = PBXFileReference; lastKnownFileType = sourcecode.swift; path = CalcuelateResultViewController.swift; sourceTree = "<group>"; };
		95059B2A2A74A00E00F24724 /* SearchDeviceViewController.swift */ = {isa = PBXFileReference; lastKnownFileType = sourcecode.swift; path = SearchDeviceViewController.swift; sourceTree = "<group>"; };
		95059B2C2A74B1F100F24724 /* Device8ACViewController.swift */ = {isa = PBXFileReference; lastKnownFileType = sourcecode.swift; path = Device8ACViewController.swift; sourceTree = "<group>"; };
		95059B2F2A74B96900F24724 /* ItemCollectionViewCell.swift */ = {isa = PBXFileReference; lastKnownFileType = sourcecode.swift; path = ItemCollectionViewCell.swift; sourceTree = "<group>"; };
		952319542A52A4F0003246BA /* FoundedViewController.swift */ = {isa = PBXFileReference; lastKnownFileType = sourcecode.swift; path = FoundedViewController.swift; sourceTree = "<group>"; };
		952319562A52AAEA003246BA /* ScaleViewController.swift */ = {isa = PBXFileReference; lastKnownFileType = sourcecode.swift; path = ScaleViewController.swift; sourceTree = "<group>"; };
		952319582A52B5E3003246BA /* AppDetailViewController.swift */ = {isa = PBXFileReference; lastKnownFileType = sourcecode.swift; path = AppDetailViewController.swift; sourceTree = "<group>"; };
		9523195C2A53B315003246BA /* BananaViewController.swift */ = {isa = PBXFileReference; lastKnownFileType = sourcecode.swift; path = BananaViewController.swift; sourceTree = "<group>"; };
		952319602A53C794003246BA /* DurianViewController.swift */ = {isa = PBXFileReference; lastKnownFileType = sourcecode.swift; path = DurianViewController.swift; sourceTree = "<group>"; };
		952319622A53F466003246BA /* CoconutViewController.swift */ = {isa = PBXFileReference; lastKnownFileType = sourcecode.swift; path = CoconutViewController.swift; sourceTree = "<group>"; };
		952319642A54039D003246BA /* CalcuteObj.swift */ = {isa = PBXFileReference; lastKnownFileType = sourcecode.swift; path = CalcuteObj.swift; sourceTree = "<group>"; };
		952319662A5408CD003246BA /* UserInfoViewController.swift */ = {isa = PBXFileReference; lastKnownFileType = sourcecode.swift; path = UserInfoViewController.swift; sourceTree = "<group>"; };
		9557F6502A4962AB00F6AE60 /* SwiftHeader.h */ = {isa = PBXFileReference; lastKnownFileType = sourcecode.c.h; path = SwiftHeader.h; sourceTree = "<group>"; };
		955A39C22A2B3A0D00853B9D /* PPBluetoothKitDemo.app */ = {isa = PBXFileReference; explicitFileType = wrapper.application; includeInIndex = 0; path = PPBluetoothKitDemo.app; sourceTree = BUILT_PRODUCTS_DIR; };
		955A39C52A2B3A0D00853B9D /* AppDelegate.swift */ = {isa = PBXFileReference; lastKnownFileType = sourcecode.swift; path = AppDelegate.swift; sourceTree = "<group>"; };
		955A39C92A2B3A0D00853B9D /* ViewController.swift */ = {isa = PBXFileReference; lastKnownFileType = sourcecode.swift; path = ViewController.swift; sourceTree = "<group>"; };
		955A39CC2A2B3A0D00853B9D /* Base */ = {isa = PBXFileReference; lastKnownFileType = file.storyboard; name = Base; path = Base.lproj/Main.storyboard; sourceTree = "<group>"; };
		955A39CE2A2B3A0E00853B9D /* Assets.xcassets */ = {isa = PBXFileReference; lastKnownFileType = folder.assetcatalog; path = Assets.xcassets; sourceTree = "<group>"; };
		955A39D12A2B3A0E00853B9D /* Base */ = {isa = PBXFileReference; lastKnownFileType = file.storyboard; name = Base; path = Base.lproj/LaunchScreen.storyboard; sourceTree = "<group>"; };
		955A39D32A2B3A0E00853B9D /* Info.plist */ = {isa = PBXFileReference; lastKnownFileType = text.plist.xml; path = Info.plist; sourceTree = "<group>"; };
		955A39D82A2B3A0E00853B9D /* PPBluetoothKitDemoTests.xctest */ = {isa = PBXFileReference; explicitFileType = wrapper.cfbundle; includeInIndex = 0; path = PPBluetoothKitDemoTests.xctest; sourceTree = BUILT_PRODUCTS_DIR; };
		955A39DC2A2B3A0E00853B9D /* PPBluetoothKitDemoTests.swift */ = {isa = PBXFileReference; lastKnownFileType = sourcecode.swift; path = PPBluetoothKitDemoTests.swift; sourceTree = "<group>"; };
		955A39E22A2B3A0E00853B9D /* PPBluetoothKitDemoUITests.xctest */ = {isa = PBXFileReference; explicitFileType = wrapper.cfbundle; includeInIndex = 0; path = PPBluetoothKitDemoUITests.xctest; sourceTree = BUILT_PRODUCTS_DIR; };
		955A39E62A2B3A0E00853B9D /* PPBluetoothKitDemoUITests.swift */ = {isa = PBXFileReference; lastKnownFileType = sourcecode.swift; path = PPBluetoothKitDemoUITests.swift; sourceTree = "<group>"; };
		955A39E82A2B3A0E00853B9D /* PPBluetoothKitDemoUITestsLaunchTests.swift */ = {isa = PBXFileReference; lastKnownFileType = sourcecode.swift; path = PPBluetoothKitDemoUITestsLaunchTests.swift; sourceTree = "<group>"; };
		FFAD8C40FCCE4BC474A517D5 /* Pods-PPBluetoothKitDemo.debug.xcconfig */ = {isa = PBXFileReference; includeInIndex = 1; lastKnownFileType = text.xcconfig; name = "Pods-PPBluetoothKitDemo.debug.xcconfig"; path = "Target Support Files/Pods-PPBluetoothKitDemo/Pods-PPBluetoothKitDemo.debug.xcconfig"; sourceTree = "<group>"; };
/* End PBXFileReference section */

/* Begin PBXFrameworksBuildPhase section */
		955A39BF2A2B3A0D00853B9D /* Frameworks */ = {
			isa = PBXFrameworksBuildPhase;
			buildActionMask = 2147483647;
			files = (
				0DB400F2CE73856E1064AF2F /* Pods_PPBluetoothKitDemo.framework in Frameworks */,
			);
			runOnlyForDeploymentPostprocessing = 0;
		};
		955A39D52A2B3A0E00853B9D /* Frameworks */ = {
			isa = PBXFrameworksBuildPhase;
			buildActionMask = 2147483647;
			files = (
			);
			runOnlyForDeploymentPostprocessing = 0;
		};
		955A39DF2A2B3A0E00853B9D /* Frameworks */ = {
			isa = PBXFrameworksBuildPhase;
			buildActionMask = 2147483647;
			files = (
			);
			runOnlyForDeploymentPostprocessing = 0;
		};
/* End PBXFrameworksBuildPhase section */

/* Begin PBXGroup section */
		15D016E26305B9DD0C3DA692 /* Frameworks */ = {
			isa = PBXGroup;
			children = (
				2B649855A0E923CB3E7F7827 /* Pods_PPBluetoothKitDemo.framework */,
			);
			name = Frameworks;
			sourceTree = "<group>";
		};
		95059B202A73600300F24724 /* calcute */ = {
			isa = PBXGroup;
			children = (
				95059B2E2A74B95300F24724 /* Views */,
				95059B242A7360CE00F24724 /* CalcuteSelectDeviceViewController.swift */,
				95059B262A73624600F24724 /* CalcuteInfoViewController.swift */,
				95059B282A73A54000F24724 /* CalcuelateResultViewController.swift */,
				95059B2A2A74A00E00F24724 /* SearchDeviceViewController.swift */,
				95059B2C2A74B1F100F24724 /* Device8ACViewController.swift */,
			);
			path = calcute;
			sourceTree = "<group>";
		};
		95059B2E2A74B95300F24724 /* Views */ = {
			isa = PBXGroup;
			children = (
				95059B2F2A74B96900F24724 /* ItemCollectionViewCell.swift */,
			);
			path = Views;
			sourceTree = "<group>";
		};
		955A39B92A2B3A0D00853B9D = {
			isa = PBXGroup;
			children = (
				955A39C42A2B3A0D00853B9D /* PPBluetoothKitDemo */,
				955A39DB2A2B3A0E00853B9D /* PPBluetoothKitDemoTests */,
				955A39E52A2B3A0E00853B9D /* PPBluetoothKitDemoUITests */,
				955A39C32A2B3A0D00853B9D /* Products */,
				A9D95944B6F6EF113B76B147 /* Pods */,
				15D016E26305B9DD0C3DA692 /* Frameworks */,
			);
			sourceTree = "<group>";
		};
		955A39C32A2B3A0D00853B9D /* Products */ = {
			isa = PBXGroup;
			children = (
				955A39C22A2B3A0D00853B9D /* PPBluetoothKitDemo.app */,
				955A39D82A2B3A0E00853B9D /* PPBluetoothKitDemoTests.xctest */,
				955A39E22A2B3A0E00853B9D /* PPBluetoothKitDemoUITests.xctest */,
			);
			name = Products;
			sourceTree = "<group>";
		};
		955A39C42A2B3A0D00853B9D /* PPBluetoothKitDemo */ = {
			isa = PBXGroup;
			children = (
				95059B202A73600300F24724 /* calcute */,
				955A39C52A2B3A0D00853B9D /* AppDelegate.swift */,
				955A39C92A2B3A0D00853B9D /* ViewController.swift */,
				955A39CB2A2B3A0D00853B9D /* Main.storyboard */,
				955A39CE2A2B3A0E00853B9D /* Assets.xcassets */,
				955A39D02A2B3A0E00853B9D /* LaunchScreen.storyboard */,
				955A39D32A2B3A0E00853B9D /* Info.plist */,
				9557F6502A4962AB00F6AE60 /* SwiftHeader.h */,
				952319542A52A4F0003246BA /* FoundedViewController.swift */,
				952319562A52AAEA003246BA /* ScaleViewController.swift */,
				952319582A52B5E3003246BA /* AppDetailViewController.swift */,
				9523195C2A53B315003246BA /* BananaViewController.swift */,
				952319602A53C794003246BA /* DurianViewController.swift */,
				952319622A53F466003246BA /* CoconutViewController.swift */,
				952319642A54039D003246BA /* CalcuteObj.swift */,
				952319662A5408CD003246BA /* UserInfoViewController.swift */,
			);
			path = PPBluetoothKitDemo;
			sourceTree = "<group>";
		};
		955A39DB2A2B3A0E00853B9D /* PPBluetoothKitDemoTests */ = {
			isa = PBXGroup;
			children = (
				955A39DC2A2B3A0E00853B9D /* PPBluetoothKitDemoTests.swift */,
			);
			path = PPBluetoothKitDemoTests;
			sourceTree = "<group>";
		};
		955A39E52A2B3A0E00853B9D /* PPBluetoothKitDemoUITests */ = {
			isa = PBXGroup;
			children = (
				955A39E62A2B3A0E00853B9D /* PPBluetoothKitDemoUITests.swift */,
				955A39E82A2B3A0E00853B9D /* PPBluetoothKitDemoUITestsLaunchTests.swift */,
			);
			path = PPBluetoothKitDemoUITests;
			sourceTree = "<group>";
		};
		A9D95944B6F6EF113B76B147 /* Pods */ = {
			isa = PBXGroup;
			children = (
				FFAD8C40FCCE4BC474A517D5 /* Pods-PPBluetoothKitDemo.debug.xcconfig */,
				1B6C81D2D3F4BCD743879964 /* Pods-PPBluetoothKitDemo.release.xcconfig */,
			);
			path = Pods;
			sourceTree = "<group>";
		};
/* End PBXGroup section */

/* Begin PBXNativeTarget section */
		955A39C12A2B3A0D00853B9D /* PPBluetoothKitDemo */ = {
			isa = PBXNativeTarget;
			buildConfigurationList = 955A39EC2A2B3A0E00853B9D /* Build configuration list for PBXNativeTarget "PPBluetoothKitDemo" */;
			buildPhases = (
				1F9550B24994B6C3CF919FBA /* [CP] Check Pods Manifest.lock */,
				955A39BE2A2B3A0D00853B9D /* Sources */,
				955A39BF2A2B3A0D00853B9D /* Frameworks */,
				955A39C02A2B3A0D00853B9D /* Resources */,
				846FF2A6BA11DF92C549343A /* [CP] Embed Pods Frameworks */,
			);
			buildRules = (
			);
			dependencies = (
			);
			name = PPBluetoothKitDemo;
			productName = PPBluetoothKitDemo;
			productReference = 955A39C22A2B3A0D00853B9D /* PPBluetoothKitDemo.app */;
			productType = "com.apple.product-type.application";
		};
		955A39D72A2B3A0E00853B9D /* PPBluetoothKitDemoTests */ = {
			isa = PBXNativeTarget;
			buildConfigurationList = 955A39EF2A2B3A0E00853B9D /* Build configuration list for PBXNativeTarget "PPBluetoothKitDemoTests" */;
			buildPhases = (
				955A39D42A2B3A0E00853B9D /* Sources */,
				955A39D52A2B3A0E00853B9D /* Frameworks */,
				955A39D62A2B3A0E00853B9D /* Resources */,
			);
			buildRules = (
			);
			dependencies = (
				955A39DA2A2B3A0E00853B9D /* PBXTargetDependency */,
			);
			name = PPBluetoothKitDemoTests;
			productName = PPBluetoothKitDemoTests;
			productReference = 955A39D82A2B3A0E00853B9D /* PPBluetoothKitDemoTests.xctest */;
			productType = "com.apple.product-type.bundle.unit-test";
		};
		955A39E12A2B3A0E00853B9D /* PPBluetoothKitDemoUITests */ = {
			isa = PBXNativeTarget;
			buildConfigurationList = 955A39F22A2B3A0E00853B9D /* Build configuration list for PBXNativeTarget "PPBluetoothKitDemoUITests" */;
			buildPhases = (
				955A39DE2A2B3A0E00853B9D /* Sources */,
				955A39DF2A2B3A0E00853B9D /* Frameworks */,
				955A39E02A2B3A0E00853B9D /* Resources */,
			);
			buildRules = (
			);
			dependencies = (
				955A39E42A2B3A0E00853B9D /* PBXTargetDependency */,
			);
			name = PPBluetoothKitDemoUITests;
			productName = PPBluetoothKitDemoUITests;
			productReference = 955A39E22A2B3A0E00853B9D /* PPBluetoothKitDemoUITests.xctest */;
			productType = "com.apple.product-type.bundle.ui-testing";
		};
/* End PBXNativeTarget section */

/* Begin PBXProject section */
		955A39BA2A2B3A0D00853B9D /* Project object */ = {
			isa = PBXProject;
			attributes = {
				BuildIndependentTargetsInParallel = 1;
				LastSwiftUpdateCheck = 1430;
				LastUpgradeCheck = 1430;
				TargetAttributes = {
					955A39C12A2B3A0D00853B9D = {
						CreatedOnToolsVersion = 14.3;
					};
					955A39D72A2B3A0E00853B9D = {
						CreatedOnToolsVersion = 14.3;
						TestTargetID = 955A39C12A2B3A0D00853B9D;
					};
					955A39E12A2B3A0E00853B9D = {
						CreatedOnToolsVersion = 14.3;
						TestTargetID = 955A39C12A2B3A0D00853B9D;
					};
				};
			};
			buildConfigurationList = 955A39BD2A2B3A0D00853B9D /* Build configuration list for PBXProject "PPBluetoothKitDemo" */;
			compatibilityVersion = "Xcode 14.0";
			developmentRegion = en;
			hasScannedForEncodings = 0;
			knownRegions = (
				en,
				Base,
			);
			mainGroup = 955A39B92A2B3A0D00853B9D;
			productRefGroup = 955A39C32A2B3A0D00853B9D /* Products */;
			projectDirPath = "";
			projectRoot = "";
			targets = (
				955A39C12A2B3A0D00853B9D /* PPBluetoothKitDemo */,
				955A39D72A2B3A0E00853B9D /* PPBluetoothKitDemoTests */,
				955A39E12A2B3A0E00853B9D /* PPBluetoothKitDemoUITests */,
			);
		};
/* End PBXProject section */

/* Begin PBXResourcesBuildPhase section */
		955A39C02A2B3A0D00853B9D /* Resources */ = {
			isa = PBXResourcesBuildPhase;
			buildActionMask = 2147483647;
			files = (
				955A39D22A2B3A0E00853B9D /* LaunchScreen.storyboard in Resources */,
				955A39CF2A2B3A0E00853B9D /* Assets.xcassets in Resources */,
				955A39CD2A2B3A0D00853B9D /* Main.storyboard in Resources */,
			);
			runOnlyForDeploymentPostprocessing = 0;
		};
		955A39D62A2B3A0E00853B9D /* Resources */ = {
			isa = PBXResourcesBuildPhase;
			buildActionMask = 2147483647;
			files = (
			);
			runOnlyForDeploymentPostprocessing = 0;
		};
		955A39E02A2B3A0E00853B9D /* Resources */ = {
			isa = PBXResourcesBuildPhase;
			buildActionMask = 2147483647;
			files = (
			);
			runOnlyForDeploymentPostprocessing = 0;
		};
/* End PBXResourcesBuildPhase section */

/* Begin PBXShellScriptBuildPhase section */
		1F9550B24994B6C3CF919FBA /* [CP] Check Pods Manifest.lock */ = {
			isa = PBXShellScriptBuildPhase;
			buildActionMask = 2147483647;
			files = (
			);
			inputFileListPaths = (
			);
			inputPaths = (
				"${PODS_PODFILE_DIR_PATH}/Podfile.lock",
				"${PODS_ROOT}/Manifest.lock",
			);
			name = "[CP] Check Pods Manifest.lock";
			outputFileListPaths = (
			);
			outputPaths = (
				"$(DERIVED_FILE_DIR)/Pods-PPBluetoothKitDemo-checkManifestLockResult.txt",
			);
			runOnlyForDeploymentPostprocessing = 0;
			shellPath = /bin/sh;
			shellScript = "diff \"${PODS_PODFILE_DIR_PATH}/Podfile.lock\" \"${PODS_ROOT}/Manifest.lock\" > /dev/null\nif [ $? != 0 ] ; then\n    # print error to STDERR\n    echo \"error: The sandbox is not in sync with the Podfile.lock. Run 'pod install' or update your CocoaPods installation.\" >&2\n    exit 1\nfi\n# This output is used by Xcode 'outputs' to avoid re-running this script phase.\necho \"SUCCESS\" > \"${SCRIPT_OUTPUT_FILE_0}\"\n";
			showEnvVarsInLog = 0;
		};
		846FF2A6BA11DF92C549343A /* [CP] Embed Pods Frameworks */ = {
			isa = PBXShellScriptBuildPhase;
			buildActionMask = 2147483647;
			files = (
			);
			inputFileListPaths = (
				"${PODS_ROOT}/Target Support Files/Pods-PPBluetoothKitDemo/Pods-PPBluetoothKitDemo-frameworks-${CONFIGURATION}-input-files.xcfilelist",
			);
			name = "[CP] Embed Pods Frameworks";
			outputFileListPaths = (
				"${PODS_ROOT}/Target Support Files/Pods-PPBluetoothKitDemo/Pods-PPBluetoothKitDemo-frameworks-${CONFIGURATION}-output-files.xcfilelist",
			);
			runOnlyForDeploymentPostprocessing = 0;
			shellPath = /bin/sh;
			shellScript = "\"${PODS_ROOT}/Target Support Files/Pods-PPBluetoothKitDemo/Pods-PPBluetoothKitDemo-frameworks.sh\"\n";
			showEnvVarsInLog = 0;
		};
/* End PBXShellScriptBuildPhase section */

/* Begin PBXSourcesBuildPhase section */
		955A39BE2A2B3A0D00853B9D /* Sources */ = {
			isa = PBXSourcesBuildPhase;
			buildActionMask = 2147483647;
			files = (
				95059B2B2A74A00E00F24724 /* SearchDeviceViewController.swift in Sources */,
				952319632A53F466003246BA /* CoconutViewController.swift in Sources */,
				955A39CA2A2B3A0D00853B9D /* ViewController.swift in Sources */,
				9523195D2A53B315003246BA /* BananaViewController.swift in Sources */,
				952319592A52B5E3003246BA /* AppDetailViewController.swift in Sources */,
				955A39C62A2B3A0D00853B9D /* AppDelegate.swift in Sources */,
				95059B292A73A54000F24724 /* CalcuelateResultViewController.swift in Sources */,
				952319652A54039D003246BA /* CalcuteObj.swift in Sources */,
				95059B272A73624600F24724 /* CalcuteInfoViewController.swift in Sources */,
				952319552A52A4F0003246BA /* FoundedViewController.swift in Sources */,
				95059B2D2A74B1F100F24724 /* Device8ACViewController.swift in Sources */,
				952319672A5408CD003246BA /* UserInfoViewController.swift in Sources */,
				952319612A53C794003246BA /* DurianViewController.swift in Sources */,
				95059B302A74B96900F24724 /* ItemCollectionViewCell.swift in Sources */,
				952319572A52AAEA003246BA /* ScaleViewController.swift in Sources */,
				95059B252A7360CE00F24724 /* CalcuteSelectDeviceViewController.swift in Sources */,
			);
			runOnlyForDeploymentPostprocessing = 0;
		};
		955A39D42A2B3A0E00853B9D /* Sources */ = {
			isa = PBXSourcesBuildPhase;
			buildActionMask = 2147483647;
			files = (
				955A39DD2A2B3A0E00853B9D /* PPBluetoothKitDemoTests.swift in Sources */,
			);
			runOnlyForDeploymentPostprocessing = 0;
		};
		955A39DE2A2B3A0E00853B9D /* Sources */ = {
			isa = PBXSourcesBuildPhase;
			buildActionMask = 2147483647;
			files = (
				955A39E72A2B3A0E00853B9D /* PPBluetoothKitDemoUITests.swift in Sources */,
				955A39E92A2B3A0E00853B9D /* PPBluetoothKitDemoUITestsLaunchTests.swift in Sources */,
			);
			runOnlyForDeploymentPostprocessing = 0;
		};
/* End PBXSourcesBuildPhase section */

/* Begin PBXTargetDependency section */
		955A39DA2A2B3A0E00853B9D /* PBXTargetDependency */ = {
			isa = PBXTargetDependency;
			target = 955A39C12A2B3A0D00853B9D /* PPBluetoothKitDemo */;
			targetProxy = 955A39D92A2B3A0E00853B9D /* PBXContainerItemProxy */;
		};
		955A39E42A2B3A0E00853B9D /* PBXTargetDependency */ = {
			isa = PBXTargetDependency;
			target = 955A39C12A2B3A0D00853B9D /* PPBluetoothKitDemo */;
			targetProxy = 955A39E32A2B3A0E00853B9D /* PBXContainerItemProxy */;
		};
/* End PBXTargetDependency section */

/* Begin PBXVariantGroup section */
		955A39CB2A2B3A0D00853B9D /* Main.storyboard */ = {
			isa = PBXVariantGroup;
			children = (
				955A39CC2A2B3A0D00853B9D /* Base */,
			);
			name = Main.storyboard;
			sourceTree = "<group>";
		};
		955A39D02A2B3A0E00853B9D /* LaunchScreen.storyboard */ = {
			isa = PBXVariantGroup;
			children = (
				955A39D12A2B3A0E00853B9D /* Base */,
			);
			name = LaunchScreen.storyboard;
			sourceTree = "<group>";
		};
/* End PBXVariantGroup section */

/* Begin XCBuildConfiguration section */
		955A39EA2A2B3A0E00853B9D /* Debug */ = {
			isa = XCBuildConfiguration;
			buildSettings = {
				ALWAYS_SEARCH_USER_PATHS = NO;
				CLANG_ANALYZER_NONNULL = YES;
				CLANG_ANALYZER_NUMBER_OBJECT_CONVERSION = YES_AGGRESSIVE;
				CLANG_CXX_LANGUAGE_STANDARD = "gnu++20";
				CLANG_ENABLE_MODULES = YES;
				CLANG_ENABLE_OBJC_ARC = YES;
				CLANG_ENABLE_OBJC_WEAK = YES;
				CLANG_WARN_BLOCK_CAPTURE_AUTORELEASING = YES;
				CLANG_WARN_BOOL_CONVERSION = YES;
				CLANG_WARN_COMMA = YES;
				CLANG_WARN_CONSTANT_CONVERSION = YES;
				CLANG_WARN_DEPRECATED_OBJC_IMPLEMENTATIONS = YES;
				CLANG_WARN_DIRECT_OBJC_ISA_USAGE = YES_ERROR;
				CLANG_WARN_DOCUMENTATION_COMMENTS = YES;
				CLANG_WARN_EMPTY_BODY = YES;
				CLANG_WARN_ENUM_CONVERSION = YES;
				CLANG_WARN_INFINITE_RECURSION = YES;
				CLANG_WARN_INT_CONVERSION = YES;
				CLANG_WARN_NON_LITERAL_NULL_CONVERSION = YES;
				CLANG_WARN_OBJC_IMPLICIT_RETAIN_SELF = YES;
				CLANG_WARN_OBJC_LITERAL_CONVERSION = YES;
				CLANG_WARN_OBJC_ROOT_CLASS = YES_ERROR;
				CLANG_WARN_QUOTED_INCLUDE_IN_FRAMEWORK_HEADER = YES;
				CLANG_WARN_RANGE_LOOP_ANALYSIS = YES;
				CLANG_WARN_STRICT_PROTOTYPES = YES;
				CLANG_WARN_SUSPICIOUS_MOVE = YES;
				CLANG_WARN_UNGUARDED_AVAILABILITY = YES_AGGRESSIVE;
				CLANG_WARN_UNREACHABLE_CODE = YES;
				CLANG_WARN__DUPLICATE_METHOD_MATCH = YES;
				COPY_PHASE_STRIP = NO;
				DEBUG_INFORMATION_FORMAT = dwarf;
				ENABLE_STRICT_OBJC_MSGSEND = YES;
				ENABLE_TESTABILITY = YES;
				GCC_C_LANGUAGE_STANDARD = gnu11;
				GCC_DYNAMIC_NO_PIC = NO;
				GCC_NO_COMMON_BLOCKS = YES;
				GCC_OPTIMIZATION_LEVEL = 0;
				GCC_PREPROCESSOR_DEFINITIONS = (
					"DEBUG=1",
					"$(inherited)",
				);
				GCC_WARN_64_TO_32_BIT_CONVERSION = YES;
				GCC_WARN_ABOUT_RETURN_TYPE = YES_ERROR;
				GCC_WARN_UNDECLARED_SELECTOR = YES;
				GCC_WARN_UNINITIALIZED_AUTOS = YES_AGGRESSIVE;
				GCC_WARN_UNUSED_FUNCTION = YES;
				GCC_WARN_UNUSED_VARIABLE = YES;
				IPHONEOS_DEPLOYMENT_TARGET = 16.4;
				MTL_ENABLE_DEBUG_INFO = INCLUDE_SOURCE;
				MTL_FAST_MATH = YES;
				ONLY_ACTIVE_ARCH = YES;
				SDKROOT = iphoneos;
				SWIFT_ACTIVE_COMPILATION_CONDITIONS = DEBUG;
				SWIFT_OPTIMIZATION_LEVEL = "-Onone";
			};
			name = Debug;
		};
		955A39EB2A2B3A0E00853B9D /* Release */ = {
			isa = XCBuildConfiguration;
			buildSettings = {
				ALWAYS_SEARCH_USER_PATHS = NO;
				CLANG_ANALYZER_NONNULL = YES;
				CLANG_ANALYZER_NUMBER_OBJECT_CONVERSION = YES_AGGRESSIVE;
				CLANG_CXX_LANGUAGE_STANDARD = "gnu++20";
				CLANG_ENABLE_MODULES = YES;
				CLANG_ENABLE_OBJC_ARC = YES;
				CLANG_ENABLE_OBJC_WEAK = YES;
				CLANG_WARN_BLOCK_CAPTURE_AUTORELEASING = YES;
				CLANG_WARN_BOOL_CONVERSION = YES;
				CLANG_WARN_COMMA = YES;
				CLANG_WARN_CONSTANT_CONVERSION = YES;
				CLANG_WARN_DEPRECATED_OBJC_IMPLEMENTATIONS = YES;
				CLANG_WARN_DIRECT_OBJC_ISA_USAGE = YES_ERROR;
				CLANG_WARN_DOCUMENTATION_COMMENTS = YES;
				CLANG_WARN_EMPTY_BODY = YES;
				CLANG_WARN_ENUM_CONVERSION = YES;
				CLANG_WARN_INFINITE_RECURSION = YES;
				CLANG_WARN_INT_CONVERSION = YES;
				CLANG_WARN_NON_LITERAL_NULL_CONVERSION = YES;
				CLANG_WARN_OBJC_IMPLICIT_RETAIN_SELF = YES;
				CLANG_WARN_OBJC_LITERAL_CONVERSION = YES;
				CLANG_WARN_OBJC_ROOT_CLASS = YES_ERROR;
				CLANG_WARN_QUOTED_INCLUDE_IN_FRAMEWORK_HEADER = YES;
				CLANG_WARN_RANGE_LOOP_ANALYSIS = YES;
				CLANG_WARN_STRICT_PROTOTYPES = YES;
				CLANG_WARN_SUSPICIOUS_MOVE = YES;
				CLANG_WARN_UNGUARDED_AVAILABILITY = YES_AGGRESSIVE;
				CLANG_WARN_UNREACHABLE_CODE = YES;
				CLANG_WARN__DUPLICATE_METHOD_MATCH = YES;
				COPY_PHASE_STRIP = NO;
				DEBUG_INFORMATION_FORMAT = "dwarf-with-dsym";
				ENABLE_NS_ASSERTIONS = NO;
				ENABLE_STRICT_OBJC_MSGSEND = YES;
				GCC_C_LANGUAGE_STANDARD = gnu11;
				GCC_NO_COMMON_BLOCKS = YES;
				GCC_WARN_64_TO_32_BIT_CONVERSION = YES;
				GCC_WARN_ABOUT_RETURN_TYPE = YES_ERROR;
				GCC_WARN_UNDECLARED_SELECTOR = YES;
				GCC_WARN_UNINITIALIZED_AUTOS = YES_AGGRESSIVE;
				GCC_WARN_UNUSED_FUNCTION = YES;
				GCC_WARN_UNUSED_VARIABLE = YES;
				IPHONEOS_DEPLOYMENT_TARGET = 16.4;
				MTL_ENABLE_DEBUG_INFO = NO;
				MTL_FAST_MATH = YES;
				SDKROOT = iphoneos;
				SWIFT_COMPILATION_MODE = wholemodule;
				SWIFT_OPTIMIZATION_LEVEL = "-O";
				VALIDATE_PRODUCT = YES;
			};
			name = Release;
		};
		955A39ED2A2B3A0E00853B9D /* Debug */ = {
			isa = XCBuildConfiguration;
			baseConfigurationReference = FFAD8C40FCCE4BC474A517D5 /* Pods-PPBluetoothKitDemo.debug.xcconfig */;
			buildSettings = {
				ASSETCATALOG_COMPILER_APPICON_NAME = AppIcon;
				ASSETCATALOG_COMPILER_GLOBAL_ACCENT_COLOR_NAME = AccentColor;
				CODE_SIGN_STYLE = Automatic;
				CURRENT_PROJECT_VERSION = 1;
				DEVELOPMENT_TEAM = W4G83GSZJ8;
				GENERATE_INFOPLIST_FILE = YES;
				INFOPLIST_FILE = PPBluetoothKitDemo/Info.plist;
				INFOPLIST_KEY_UIApplicationSupportsIndirectInputEvents = YES;
				INFOPLIST_KEY_UILaunchStoryboardName = LaunchScreen;
				INFOPLIST_KEY_UIMainStoryboardFile = Main;
				INFOPLIST_KEY_UISupportedInterfaceOrientations_iPad = "UIInterfaceOrientationPortrait UIInterfaceOrientationPortraitUpsideDown UIInterfaceOrientationLandscapeLeft UIInterfaceOrientationLandscapeRight";
				INFOPLIST_KEY_UISupportedInterfaceOrientations_iPhone = "UIInterfaceOrientationPortrait UIInterfaceOrientationLandscapeLeft UIInterfaceOrientationLandscapeRight";
				IPHONEOS_DEPLOYMENT_TARGET = 12.0;
				LD_RUNPATH_SEARCH_PATHS = (
					"$(inherited)",
					"@executable_path/Frameworks",
				);
				MARKETING_VERSION = 1.0;
				PRODUCT_BUNDLE_IDENTIFIER = xm.PPBluetoothKitDemo;
				PRODUCT_NAME = "$(TARGET_NAME)";
				SWIFT_EMIT_LOC_STRINGS = YES;
				SWIFT_OBJC_BRIDGING_HEADER = PPBluetoothKitDemo/SwiftHeader.h;
				SWIFT_VERSION = 5.0;
				TARGETED_DEVICE_FAMILY = "1,2";
			};
			name = Debug;
		};
		955A39EE2A2B3A0E00853B9D /* Release */ = {
			isa = XCBuildConfiguration;
			baseConfigurationReference = 1B6C81D2D3F4BCD743879964 /* Pods-PPBluetoothKitDemo.release.xcconfig */;
			buildSettings = {
				ASSETCATALOG_COMPILER_APPICON_NAME = AppIcon;
				ASSETCATALOG_COMPILER_GLOBAL_ACCENT_COLOR_NAME = AccentColor;
				CODE_SIGN_STYLE = Automatic;
				CURRENT_PROJECT_VERSION = 1;
				DEVELOPMENT_TEAM = W4G83GSZJ8;
				GENERATE_INFOPLIST_FILE = YES;
				INFOPLIST_FILE = PPBluetoothKitDemo/Info.plist;
				INFOPLIST_KEY_UIApplicationSupportsIndirectInputEvents = YES;
				INFOPLIST_KEY_UILaunchStoryboardName = LaunchScreen;
				INFOPLIST_KEY_UIMainStoryboardFile = Main;
				INFOPLIST_KEY_UISupportedInterfaceOrientations_iPad = "UIInterfaceOrientationPortrait UIInterfaceOrientationPortraitUpsideDown UIInterfaceOrientationLandscapeLeft UIInterfaceOrientationLandscapeRight";
				INFOPLIST_KEY_UISupportedInterfaceOrientations_iPhone = "UIInterfaceOrientationPortrait UIInterfaceOrientationLandscapeLeft UIInterfaceOrientationLandscapeRight";
				IPHONEOS_DEPLOYMENT_TARGET = 12.0;
				LD_RUNPATH_SEARCH_PATHS = (
					"$(inherited)",
					"@executable_path/Frameworks",
				);
				MARKETING_VERSION = 1.0;
				PRODUCT_BUNDLE_IDENTIFIER = xm.PPBluetoothKitDemo;
				PRODUCT_NAME = "$(TARGET_NAME)";
				SWIFT_EMIT_LOC_STRINGS = YES;
				SWIFT_OBJC_BRIDGING_HEADER = PPBluetoothKitDemo/SwiftHeader.h;
				SWIFT_VERSION = 5.0;
				TARGETED_DEVICE_FAMILY = "1,2";
			};
			name = Release;
		};
		955A39F02A2B3A0E00853B9D /* Debug */ = {
			isa = XCBuildConfiguration;
			buildSettings = {
				ALWAYS_EMBED_SWIFT_STANDARD_LIBRARIES = YES;
				BUNDLE_LOADER = "$(TEST_HOST)";
				CODE_SIGN_STYLE = Automatic;
				CURRENT_PROJECT_VERSION = 1;
				DEVELOPMENT_TEAM = 69D4QH45F9;
				GENERATE_INFOPLIST_FILE = YES;
				IPHONEOS_DEPLOYMENT_TARGET = 16.4;
				MARKETING_VERSION = 1.0;
				PRODUCT_BUNDLE_IDENTIFIER = xm.PPBluetoothKitDemoTests;
				PRODUCT_NAME = "$(TARGET_NAME)";
				SWIFT_EMIT_LOC_STRINGS = NO;
				SWIFT_VERSION = 5.0;
				TARGETED_DEVICE_FAMILY = "1,2";
				TEST_HOST = "$(BUILT_PRODUCTS_DIR)/PPBluetoothKitDemo.app/$(BUNDLE_EXECUTABLE_FOLDER_PATH)/PPBluetoothKitDemo";
			};
			name = Debug;
		};
		955A39F12A2B3A0E00853B9D /* Release */ = {
			isa = XCBuildConfiguration;
			buildSettings = {
				ALWAYS_EMBED_SWIFT_STANDARD_LIBRARIES = YES;
				BUNDLE_LOADER = "$(TEST_HOST)";
				CODE_SIGN_STYLE = Automatic;
				CURRENT_PROJECT_VERSION = 1;
				DEVELOPMENT_TEAM = 69D4QH45F9;
				GENERATE_INFOPLIST_FILE = YES;
				IPHONEOS_DEPLOYMENT_TARGET = 16.4;
				MARKETING_VERSION = 1.0;
				PRODUCT_BUNDLE_IDENTIFIER = xm.PPBluetoothKitDemoTests;
				PRODUCT_NAME = "$(TARGET_NAME)";
				SWIFT_EMIT_LOC_STRINGS = NO;
				SWIFT_VERSION = 5.0;
				TARGETED_DEVICE_FAMILY = "1,2";
				TEST_HOST = "$(BUILT_PRODUCTS_DIR)/PPBluetoothKitDemo.app/$(BUNDLE_EXECUTABLE_FOLDER_PATH)/PPBluetoothKitDemo";
			};
			name = Release;
		};
		955A39F32A2B3A0E00853B9D /* Debug */ = {
			isa = XCBuildConfiguration;
			buildSettings = {
				ALWAYS_EMBED_SWIFT_STANDARD_LIBRARIES = YES;
				CODE_SIGN_STYLE = Automatic;
				CURRENT_PROJECT_VERSION = 1;
				DEVELOPMENT_TEAM = 69D4QH45F9;
				GENERATE_INFOPLIST_FILE = YES;
				MARKETING_VERSION = 1.0;
				PRODUCT_BUNDLE_IDENTIFIER = xm.PPBluetoothKitDemoUITests;
				PRODUCT_NAME = "$(TARGET_NAME)";
				SWIFT_EMIT_LOC_STRINGS = NO;
				SWIFT_VERSION = 5.0;
				TARGETED_DEVICE_FAMILY = "1,2";
				TEST_TARGET_NAME = PPBluetoothKitDemo;
			};
			name = Debug;
		};
		955A39F42A2B3A0E00853B9D /* Release */ = {
			isa = XCBuildConfiguration;
			buildSettings = {
				ALWAYS_EMBED_SWIFT_STANDARD_LIBRARIES = YES;
				CODE_SIGN_STYLE = Automatic;
				CURRENT_PROJECT_VERSION = 1;
				DEVELOPMENT_TEAM = 69D4QH45F9;
				GENERATE_INFOPLIST_FILE = YES;
				MARKETING_VERSION = 1.0;
				PRODUCT_BUNDLE_IDENTIFIER = xm.PPBluetoothKitDemoUITests;
				PRODUCT_NAME = "$(TARGET_NAME)";
				SWIFT_EMIT_LOC_STRINGS = NO;
				SWIFT_VERSION = 5.0;
				TARGETED_DEVICE_FAMILY = "1,2";
				TEST_TARGET_NAME = PPBluetoothKitDemo;
			};
			name = Release;
		};
/* End XCBuildConfiguration section */

/* Begin XCConfigurationList section */
		955A39BD2A2B3A0D00853B9D /* Build configuration list for PBXProject "PPBluetoothKitDemo" */ = {
			isa = XCConfigurationList;
			buildConfigurations = (
				955A39EA2A2B3A0E00853B9D /* Debug */,
				955A39EB2A2B3A0E00853B9D /* Release */,
			);
			defaultConfigurationIsVisible = 0;
			defaultConfigurationName = Release;
		};
		955A39EC2A2B3A0E00853B9D /* Build configuration list for PBXNativeTarget "PPBluetoothKitDemo" */ = {
			isa = XCConfigurationList;
			buildConfigurations = (
				955A39ED2A2B3A0E00853B9D /* Debug */,
				955A39EE2A2B3A0E00853B9D /* Release */,
			);
			defaultConfigurationIsVisible = 0;
			defaultConfigurationName = Release;
		};
		955A39EF2A2B3A0E00853B9D /* Build configuration list for PBXNativeTarget "PPBluetoothKitDemoTests" */ = {
			isa = XCConfigurationList;
			buildConfigurations = (
				955A39F02A2B3A0E00853B9D /* Debug */,
				955A39F12A2B3A0E00853B9D /* Release */,
			);
			defaultConfigurationIsVisible = 0;
			defaultConfigurationName = Release;
		};
		955A39F22A2B3A0E00853B9D /* Build configuration list for PBXNativeTarget "PPBluetoothKitDemoUITests" */ = {
			isa = XCConfigurationList;
			buildConfigurations = (
				955A39F32A2B3A0E00853B9D /* Debug */,
				955A39F42A2B3A0E00853B9D /* Release */,
			);
			defaultConfigurationIsVisible = 0;
			defaultConfigurationName = Release;
		};
/* End XCConfigurationList section */
	};
	rootObject = 955A39BA2A2B3A0D00853B9D /* Project object */;
}
